// !$*UTF8*$!
{
	archiveVersion = 1;
	classes = {
	};
	objectVersion = 46;
	objects = {

/* Begin PBXBuildFile section */
		56920F2F1CFEDF2500C13A56 /* ExampleSDLAudio.cpp in Sources */ = {isa = PBXBuildFile; fileRef = 56920F2E1CFEDF2500C13A56 /* ExampleSDLAudio.cpp */; };
		56920F391CFEDFCC00C13A56 /* SDL2_image.framework in Frameworks */ = {isa = PBXBuildFile; fileRef = 56920F351CFEDFCC00C13A56 /* SDL2_image.framework */; };
		56920F3A1CFEDFCC00C13A56 /* SDL2_mixer.framework in Frameworks */ = {isa = PBXBuildFile; fileRef = 56920F361CFEDFCC00C13A56 /* SDL2_mixer.framework */; };
		56920F3B1CFEDFCC00C13A56 /* SDL2_ttf.framework in Frameworks */ = {isa = PBXBuildFile; fileRef = 56920F371CFEDFCC00C13A56 /* SDL2_ttf.framework */; };
		56920F3C1CFEDFCC00C13A56 /* SDL2.framework in Frameworks */ = {isa = PBXBuildFile; fileRef = 56920F381CFEDFCC00C13A56 /* SDL2.framework */; };
		56920F3F1CFEEB5100C13A56 /* ExampleSDL2Mixer1.cpp in Sources */ = {isa = PBXBuildFile; fileRef = 56920F3E1CFEEB5100C13A56 /* ExampleSDL2Mixer1.cpp */; };
		56920F411CFEF03800C13A56 /* ExampleSDL2Mixer2.cpp in Sources */ = {isa = PBXBuildFile; fileRef = 56920F401CFEF03800C13A56 /* ExampleSDL2Mixer2.cpp */; };
/* End PBXBuildFile section */

/* Begin PBXCopyFilesBuildPhase section */
		56920F291CFEDF2500C13A56 /* CopyFiles */ = {
			isa = PBXCopyFilesBuildPhase;
			buildActionMask = 2147483647;
			dstPath = /usr/share/man/man1/;
			dstSubfolderSpec = 0;
			files = (
			);
			runOnlyForDeploymentPostprocessing = 1;
		};
/* End PBXCopyFilesBuildPhase section */

/* Begin PBXFileReference section */
		56920F2B1CFEDF2500C13A56 /* SDLAudioExample */ = {isa = PBXFileReference; explicitFileType = "compiled.mach-o.executable"; includeInIndex = 0; path = SDLAudioExample; sourceTree = BUILT_PRODUCTS_DIR; };
		56920F2E1CFEDF2500C13A56 /* ExampleSDLAudio.cpp */ = {isa = PBXFileReference; lastKnownFileType = sourcecode.cpp.cpp; path = ExampleSDLAudio.cpp; sourceTree = "<group>"; };
		56920F351CFEDFCC00C13A56 /* SDL2_image.framework */ = {isa = PBXFileReference; lastKnownFileType = wrapper.framework; name = SDL2_image.framework; path = ../../../../../../Library/Frameworks/SDL2_image.framework; sourceTree = "<group>"; };
		56920F361CFEDFCC00C13A56 /* SDL2_mixer.framework */ = {isa = PBXFileReference; lastKnownFileType = wrapper.framework; name = SDL2_mixer.framework; path = ../../../../../../Library/Frameworks/SDL2_mixer.framework; sourceTree = "<group>"; };
		56920F371CFEDFCC00C13A56 /* SDL2_ttf.framework */ = {isa = PBXFileReference; lastKnownFileType = wrapper.framework; name = SDL2_ttf.framework; path = ../../../../../../Library/Frameworks/SDL2_ttf.framework; sourceTree = "<group>"; };
		56920F381CFEDFCC00C13A56 /* SDL2.framework */ = {isa = PBXFileReference; lastKnownFileType = wrapper.framework; name = SDL2.framework; path = ../../../../../../Library/Frameworks/SDL2.framework; sourceTree = "<group>"; };
		56920F3E1CFEEB5100C13A56 /* ExampleSDL2Mixer1.cpp */ = {isa = PBXFileReference; fileEncoding = 4; lastKnownFileType = sourcecode.cpp.cpp; path = ExampleSDL2Mixer1.cpp; sourceTree = "<group>"; };
		56920F401CFEF03800C13A56 /* ExampleSDL2Mixer2.cpp */ = {isa = PBXFileReference; fileEncoding = 4; lastKnownFileType = sourcecode.cpp.cpp; path = ExampleSDL2Mixer2.cpp; sourceTree = "<group>"; };
/* End PBXFileReference section */

/* Begin PBXFrameworksBuildPhase section */
		56920F281CFEDF2500C13A56 /* Frameworks */ = {
			isa = PBXFrameworksBuildPhase;
			buildActionMask = 2147483647;
			files = (
				56920F391CFEDFCC00C13A56 /* SDL2_image.framework in Frameworks */,
				56920F3A1CFEDFCC00C13A56 /* SDL2_mixer.framework in Frameworks */,
				56920F3B1CFEDFCC00C13A56 /* SDL2_ttf.framework in Frameworks */,
				56920F3C1CFEDFCC00C13A56 /* SDL2.framework in Frameworks */,
			);
			runOnlyForDeploymentPostprocessing = 0;
		};
/* End PBXFrameworksBuildPhase section */

/* Begin PBXGroup section */
		56920F221CFEDF2500C13A56 = {
			isa = PBXGroup;
			children = (
				56920F351CFEDFCC00C13A56 /* SDL2_image.framework */,
				56920F361CFEDFCC00C13A56 /* SDL2_mixer.framework */,
				56920F371CFEDFCC00C13A56 /* SDL2_ttf.framework */,
				56920F381CFEDFCC00C13A56 /* SDL2.framework */,
				56920F2D1CFEDF2500C13A56 /* SDLAudioExample */,
				56920F2C1CFEDF2500C13A56 /* Products */,
			);
			sourceTree = "<group>";
		};
		56920F2C1CFEDF2500C13A56 /* Products */ = {
			isa = PBXGroup;
			children = (
				56920F2B1CFEDF2500C13A56 /* SDLAudioExample */,
			);
			name = Products;
			sourceTree = "<group>";
		};
		56920F2D1CFEDF2500C13A56 /* SDLAudioExample */ = {
			isa = PBXGroup;
			children = (
				56920F3E1CFEEB5100C13A56 /* ExampleSDL2Mixer1.cpp */,
				56920F2E1CFEDF2500C13A56 /* ExampleSDLAudio.cpp */,
				56920F401CFEF03800C13A56 /* ExampleSDL2Mixer2.cpp */,
			);
			path = SDLAudioExample;
			sourceTree = "<group>";
		};
/* End PBXGroup section */

/* Begin PBXNativeTarget section */
		56920F2A1CFEDF2500C13A56 /* SDLAudioExample */ = {
			isa = PBXNativeTarget;
			buildConfigurationList = 56920F321CFEDF2500C13A56 /* Build configuration list for PBXNativeTarget "SDLAudioExample" */;
			buildPhases = (
				56920F271CFEDF2500C13A56 /* Sources */,
				56920F281CFEDF2500C13A56 /* Frameworks */,
				56920F291CFEDF2500C13A56 /* CopyFiles */,
			);
			buildRules = (
			);
			dependencies = (
			);
			name = SDLAudioExample;
			productName = SDLAudioExample;
			productReference = 56920F2B1CFEDF2500C13A56 /* SDLAudioExample */;
			productType = "com.apple.product-type.tool";
		};
/* End PBXNativeTarget section */

/* Begin PBXProject section */
		56920F231CFEDF2500C13A56 /* Project object */ = {
			isa = PBXProject;
			attributes = {
				LastUpgradeCheck = 0730;
				ORGANIZATIONNAME = "Chenxing Ouyang";
				TargetAttributes = {
					56920F2A1CFEDF2500C13A56 = {
						CreatedOnToolsVersion = 7.3.1;
					};
				};
			};
			buildConfigurationList = 56920F261CFEDF2500C13A56 /* Build configuration list for PBXProject "SDLAudioExample" */;
			compatibilityVersion = "Xcode 3.2";
			developmentRegion = English;
			hasScannedForEncodings = 0;
			knownRegions = (
				en,
			);
			mainGroup = 56920F221CFEDF2500C13A56;
			productRefGroup = 56920F2C1CFEDF2500C13A56 /* Products */;
			projectDirPath = "";
			projectRoot = "";
			targets = (
				56920F2A1CFEDF2500C13A56 /* SDLAudioExample */,
			);
		};
/* End PBXProject section */

/* Begin PBXSourcesBuildPhase section */
		56920F271CFEDF2500C13A56 /* Sources */ = {
			isa = PBXSourcesBuildPhase;
			buildActionMask = 2147483647;
			files = (
				56920F2F1CFEDF2500C13A56 /* ExampleSDLAudio.cpp in Sources */,
				56920F411CFEF03800C13A56 /* ExampleSDL2Mixer2.cpp in Sources */,
				56920F3F1CFEEB5100C13A56 /* ExampleSDL2Mixer1.cpp in Sources */,
			);
			runOnlyForDeploymentPostprocessing = 0;
		};
/* End PBXSourcesBuildPhase section */

/* Begin XCBuildConfiguration section */
		56920F301CFEDF2500C13A56 /* Debug */ = {
			isa = XCBuildConfiguration;
			buildSettings = {
				ALWAYS_SEARCH_USER_PATHS = NO;
				CLANG_ANALYZER_NONNULL = YES;
				CLANG_CXX_LANGUAGE_STANDARD = "gnu++0x";
				CLANG_CXX_LIBRARY = "libc++";
				CLANG_ENABLE_MODULES = YES;
				CLANG_ENABLE_OBJC_ARC = YES;
				CLANG_WARN_BOOL_CONVERSION = YES;
				CLANG_WARN_CONSTANT_CONVERSION = YES;
				CLANG_WARN_DIRECT_OBJC_ISA_USAGE = YES_ERROR;
				CLANG_WARN_EMPTY_BODY = YES;
				CLANG_WARN_ENUM_CONVERSION = YES;
				CLANG_WARN_INT_CONVERSION = YES;
				CLANG_WARN_OBJC_ROOT_CLASS = YES_ERROR;
				CLANG_WARN_UNREACHABLE_CODE = YES;
				CLANG_WARN__DUPLICATE_METHOD_MATCH = YES;
				CODE_SIGN_IDENTITY = "-";
				COPY_PHASE_STRIP = NO;
				DEBUG_INFORMATION_FORMAT = dwarf;
				ENABLE_STRICT_OBJC_MSGSEND = YES;
				ENABLE_TESTABILITY = YES;
				GCC_C_LANGUAGE_STANDARD = gnu99;
				GCC_DYNAMIC_NO_PIC = NO;
				GCC_NO_COMMON_BLOCKS = YES;
				GCC_OPTIMIZATION_LEVEL = 0;
				GCC_PREPROCESSOR_DEFINITIONS = (
					"DEBUG=1",
					"$(inherited)",
				);
				GCC_WARN_64_TO_32_BIT_CONVERSION = YES;
				GCC_WARN_ABOUT_RETURN_TYPE = YES_ERROR;
				GCC_WARN_UNDECLARED_SELECTOR = YES;
				GCC_WARN_UNINITIALIZED_AUTOS = YES_AGGRESSIVE;
				GCC_WARN_UNUSED_FUNCTION = YES;
				GCC_WARN_UNUSED_VARIABLE = YES;
				MACOSX_DEPLOYMENT_TARGET = 10.11;
				MTL_ENABLE_DEBUG_INFO = YES;
				ONLY_ACTIVE_ARCH = YES;
				SDKROOT = macosx;
			};
			name = Debug;
		};
		56920F311CFEDF2500C13A56 /* Release */ = {
			isa = XCBuildConfiguration;
			buildSettings = {
				ALWAYS_SEARCH_USER_PATHS = NO;
				CLANG_ANALYZER_NONNULL = YES;
				CLANG_CXX_LANGUAGE_STANDARD = "gnu++0x";
				CLANG_CXX_LIBRARY = "libc++";
				CLANG_ENABLE_MODULES = YES;
				CLANG_ENABLE_OBJC_ARC = YES;
				CLANG_WARN_BOOL_CONVERSION = YES;
				CLANG_WARN_CONSTANT_CONVERSION = YES;
				CLANG_WARN_DIRECT_OBJC_ISA_USAGE = YES_ERROR;
				CLANG_WARN_EMPTY_BODY = YES;
				CLANG_WARN_ENUM_CONVERSION = YES;
				CLANG_WARN_INT_CONVERSION = YES;
				CLANG_WARN_OBJC_ROOT_CLASS = YES_ERROR;
				CLANG_WARN_UNREACHABLE_CODE = YES;
				CLANG_WARN__DUPLICATE_METHOD_MATCH = YES;
				CODE_SIGN_IDENTITY = "-";
				COPY_PHASE_STRIP = NO;
				DEBUG_INFORMATION_FORMAT = "dwarf-with-dsym";
				ENABLE_NS_ASSERTIONS = NO;
				ENABLE_STRICT_OBJC_MSGSEND = YES;
				GCC_C_LANGUAGE_STANDARD = gnu99;
				GCC_NO_COMMON_BLOCKS = YES;
				GCC_WARN_64_TO_32_BIT_CONVERSION = YES;
				GCC_WARN_ABOUT_RETURN_TYPE = YES_ERROR;
				GCC_WARN_UNDECLARED_SELECTOR = YES;
				GCC_WARN_UNINITIALIZED_AUTOS = YES_AGGRESSIVE;
				GCC_WARN_UNUSED_FUNCTION = YES;
				GCC_WARN_UNUSED_VARIABLE = YES;
				MACOSX_DEPLOYMENT_TARGET = 10.11;
				MTL_ENABLE_DEBUG_INFO = NO;
				SDKROOT = macosx;
			};
			name = Release;
		};
		56920F331CFEDF2500C13A56 /* Debug */ = {
			isa = XCBuildConfiguration;
			buildSettings = {
				FRAMEWORK_SEARCH_PATHS = (
					"$(inherited)",
					"$(LOCAL_LIBRARY_DIR)/Frameworks",
				);
				PRODUCT_NAME = "$(TARGET_NAME)";
			};
			name = Debug;
		};
		56920F341CFEDF2500C13A56 /* Release */ = {
			isa = XCBuildConfiguration;
			buildSettings = {
				FRAMEWORK_SEARCH_PATHS = (
					"$(inherited)",
					"$(LOCAL_LIBRARY_DIR)/Frameworks",
				);
				PRODUCT_NAME = "$(TARGET_NAME)";
			};
			name = Release;
		};
/* End XCBuildConfiguration section */

/* Begin XCConfigurationList section */
		56920F261CFEDF2500C13A56 /* Build configuration list for PBXProject "SDLAudioExample" */ = {
			isa = XCConfigurationList;
			buildConfigurations = (
				56920F301CFEDF2500C13A56 /* Debug */,
				56920F311CFEDF2500C13A56 /* Release */,
			);
			defaultConfigurationIsVisible = 0;
			defaultConfigurationName = Release;
		};
		56920F321CFEDF2500C13A56 /* Build configuration list for PBXNativeTarget "SDLAudioExample" */ = {
			isa = XCConfigurationList;
			buildConfigurations = (
				56920F331CFEDF2500C13A56 /* Debug */,
				56920F341CFEDF2500C13A56 /* Release */,
			);
			defaultConfigurationIsVisible = 0;
		};
/* End XCConfigurationList section */
	};
	rootObject = 56920F231CFEDF2500C13A56 /* Project object */;
}
